{
  "name": "befunge-handler",
  "version": "1.0.0",
  "lockfileVersion": 3,
  "requires": true,
  "packages": {
    "": {
      "name": "befunge-handler",
      "version": "1.0.0",
      "license": "MIT",
      "dependencies": {
        "befunge93": "^1.0.5"
      }
    },
    "node_modules/befunge93": {
      "version": "1.0.5",
      "license": "ISC"
    }
  }
}
